dependencies:
  espressif/esp_tinyusb:
    component_hash: 5e37c53a10518f40b288a48afec4ab549784be9e6eb74add699a30395543418a
    source:
      service_url: https://api.components.espressif.com/
      type: service
    version: 1.0.3
  espressif/mdns:
    component_hash: 46ee81d32fbf850462d8af1e83303389602f6a6a9eddd2a55104cb4c063858ed
    source:
      service_url: https://api.components.espressif.com/
      type: service
    version: 1.1.0
  espressif/tinyusb:
    component_hash: 51f2fe138a3095c001467e63b46a77def8e4a136fb49f7cf7766533e772af820
    source:
      service_url: https://api.components.espressif.com/
      type: service
    version: 0.15.0~8
  idf:
    component_hash: null
    source:
      type: idf
    version: 5.0.2
manifest_hash: 95dce71d5ecce9caeac1705cea94c606436b4f718dafd15f32444f1e704a9358
target: esp32s2
version: 1.0.0
