dependencies:
  espressif/mdns:
    component_hash: 46ee81d32fbf850462d8af1e83303389602f6a6a9eddd2a55104cb4c063858ed
    source:
      service_url: https://api.components.espressif.com/
      type: service
    version: 1.1.0
  idf:
    component_hash: null
    source:
      type: idf
    version: 5.0.2
manifest_hash: 0e53076e5fac716ca93d745c1a34e1cb9c2237eb9d4044a023affc9f008bf877
target: esp32
version: 1.0.0
